
Microsoft Visual Studio Solution File, Format Version 12.00
# Visual Studio 2012
Project("{FAE04EC0-301F-11D3-BF4B-00C04F79EFBC}") = "DDtMM.Scripts", "DDtMM.Scripts\DDtMM.Scripts.csproj", "{8297A713-274B-43DC-AF3C-032B644E4240}"
EndProject
Global
	GlobalSection(SolutionConfigurationPlatforms) = preSolution
		Debug|Any CPU = Debug|Any CPU
		Release|Any CPU = Release|Any CPU
	EndGlobalSection
	GlobalSection(ProjectConfigurationPlatforms) = postSolution
		{8297A713-274B-43DC-AF3C-032B644E4240}.Debug|Any CPU.ActiveCfg = Debug|Any CPU
		{8297A713-274B-43DC-AF3C-032B644E4240}.Debug|Any CPU.Build.0 = Debug|Any CPU
		{8297A713-274B-43DC-AF3C-032B644E4240}.Release|Any CPU.ActiveCfg = Release|Any CPU
		{8297A713-274B-43DC-AF3C-032B644E4240}.Release|Any CPU.Build.0 = Release|Any CPU
	EndGlobalSection
	GlobalSection(SolutionProperties) = preSolution
		HideSolutionNode = FALSE
	EndGlobalSection
EndGlobal
